
Microsoft Visual Studio Solution File, Format Version 12.00
# Visual Studio Version 17
VisualStudioVersion = 17.7.34024.191
MinimumVisualStudioVersion = 10.0.40219.1
Project("{FAE04EC0-301F-11D3-BF4B-00C04F79EFBC}") = "07.LayoutViews", "07.LayoutViews\07.LayoutViews.csproj", "{BB327434-9C28-4755-8A66-0C094B42051A}"
EndProject
Global
	GlobalSection(SolutionConfigurationPlatforms) = preSolution
		Debug|Any CPU = Debug|Any CPU
		Release|Any CPU = Release|Any CPU
	EndGlobalSection
	GlobalSection(ProjectConfigurationPlatforms) = postSolution
		{BB327434-9C28-4755-8A66-0C094B42051A}.Debug|Any CPU.ActiveCfg = Debug|Any CPU
		{BB327434-9C28-4755-8A66-0C094B42051A}.Debug|Any CPU.Build.0 = Debug|Any CPU
		{BB327434-9C28-4755-8A66-0C094B42051A}.Release|Any CPU.ActiveCfg = Release|Any CPU
		{BB327434-9C28-4755-8A66-0C094B42051A}.Release|Any CPU.Build.0 = Release|Any CPU
	EndGlobalSection
	GlobalSection(SolutionProperties) = preSolution
		HideSolutionNode = FALSE
	EndGlobalSection
	GlobalSection(ExtensibilityGlobals) = postSolution
		SolutionGuid = {C56A8268-3BF3-4BFD-BFED-A682B32E6C9F}
	EndGlobalSection
EndGlobal
