
Microsoft Visual Studio Solution File, Format Version 12.00
# Visual Studio Version 17
VisualStudioVersion = 17.7.34024.191
MinimumVisualStudioVersion = 10.0.40219.1
Project("{2150E333-8FDC-42A3-9474-1A3956D46DE8}") = "src", "src", "{A34CC909-E1DD-4F26-BE14-3CD19D330211}"
EndProject
Project("{2150E333-8FDC-42A3-9474-1A3956D46DE8}") = "test", "test", "{BB45C9C6-20D0-4C89-A220-8B189FF8A131}"
EndProject
Project("{2150E333-8FDC-42A3-9474-1A3956D46DE8}") = "API", "API", "{481A18F6-B715-43EA-9065-99FF08FEFFAD}"
EndProject
Project("{2150E333-8FDC-42A3-9474-1A3956D46DE8}") = "Core", "Core", "{37D4349A-0663-4B39-9A16-4D13800CDF1A}"
EndProject
Project("{2150E333-8FDC-42A3-9474-1A3956D46DE8}") = "UI", "UI", "{E1DD9AF8-D6A5-4422-8035-3C75EE0B9109}"
EndProject
Project("{2150E333-8FDC-42A3-9474-1A3956D46DE8}") = "Infrastructure", "Infrastructure", "{D892B29A-BC13-4A5A-BED2-270EC8A456D3}"
EndProject
Project("{9A19103F-16F7-4668-BE54-9A1E7A4F7556}") = "HR.LeaveManagement.Domain", "HR.LeaveManagement.Domain\HR.LeaveManagement.Domain.csproj", "{E73FF599-0B5C-4F03-B93B-FDC798050051}"
EndProject
Project("{9A19103F-16F7-4668-BE54-9A1E7A4F7556}") = "HR.LeaveManagement.Application", "HR.LeaveManagement.Application\HR.LeaveManagement.Application.csproj", "{4C17CF25-13AF-4665-B6BB-79BFE9580DBE}"
EndProject
Project("{9A19103F-16F7-4668-BE54-9A1E7A4F7556}") = "HR.LeaveManagement.Infrastructure", "HR.LeaveManagement.Infrastructure\HR.LeaveManagement.Infrastructure.csproj", "{57E040B6-A944-4769-AF6F-7FD18B6DE855}"
EndProject
Project("{9A19103F-16F7-4668-BE54-9A1E7A4F7556}") = "HR.LeaveManagement.Persistence", "HR.LeaveManagement.Persistence\HR.LeaveManagement.Persistence.csproj", "{A8B8462A-4B4D-4490-9061-55D77E73B47C}"
EndProject
Project("{FAE04EC0-301F-11D3-BF4B-00C04F79EFBC}") = "HR.LeaveManagement.Api", "HR.LeaveManagement.Api\HR.LeaveManagement.Api.csproj", "{374C874B-C51E-4E27-9991-E5BAE1BF3D29}"
EndProject
Global
	GlobalSection(SolutionConfigurationPlatforms) = preSolution
		Debug|Any CPU = Debug|Any CPU
		Release|Any CPU = Release|Any CPU
	EndGlobalSection
	GlobalSection(ProjectConfigurationPlatforms) = postSolution
		{E73FF599-0B5C-4F03-B93B-FDC798050051}.Debug|Any CPU.ActiveCfg = Debug|Any CPU
		{E73FF599-0B5C-4F03-B93B-FDC798050051}.Debug|Any CPU.Build.0 = Debug|Any CPU
		{E73FF599-0B5C-4F03-B93B-FDC798050051}.Release|Any CPU.ActiveCfg = Release|Any CPU
		{E73FF599-0B5C-4F03-B93B-FDC798050051}.Release|Any CPU.Build.0 = Release|Any CPU
		{4C17CF25-13AF-4665-B6BB-79BFE9580DBE}.Debug|Any CPU.ActiveCfg = Debug|Any CPU
		{4C17CF25-13AF-4665-B6BB-79BFE9580DBE}.Debug|Any CPU.Build.0 = Debug|Any CPU
		{4C17CF25-13AF-4665-B6BB-79BFE9580DBE}.Release|Any CPU.ActiveCfg = Release|Any CPU
		{4C17CF25-13AF-4665-B6BB-79BFE9580DBE}.Release|Any CPU.Build.0 = Release|Any CPU
		{57E040B6-A944-4769-AF6F-7FD18B6DE855}.Debug|Any CPU.ActiveCfg = Debug|Any CPU
		{57E040B6-A944-4769-AF6F-7FD18B6DE855}.Debug|Any CPU.Build.0 = Debug|Any CPU
		{57E040B6-A944-4769-AF6F-7FD18B6DE855}.Release|Any CPU.ActiveCfg = Release|Any CPU
		{57E040B6-A944-4769-AF6F-7FD18B6DE855}.Release|Any CPU.Build.0 = Release|Any CPU
		{A8B8462A-4B4D-4490-9061-55D77E73B47C}.Debug|Any CPU.ActiveCfg = Debug|Any CPU
		{A8B8462A-4B4D-4490-9061-55D77E73B47C}.Debug|Any CPU.Build.0 = Debug|Any CPU
		{A8B8462A-4B4D-4490-9061-55D77E73B47C}.Release|Any CPU.ActiveCfg = Release|Any CPU
		{A8B8462A-4B4D-4490-9061-55D77E73B47C}.Release|Any CPU.Build.0 = Release|Any CPU
		{374C874B-C51E-4E27-9991-E5BAE1BF3D29}.Debug|Any CPU.ActiveCfg = Debug|Any CPU
		{374C874B-C51E-4E27-9991-E5BAE1BF3D29}.Debug|Any CPU.Build.0 = Debug|Any CPU
		{374C874B-C51E-4E27-9991-E5BAE1BF3D29}.Release|Any CPU.ActiveCfg = Release|Any CPU
		{374C874B-C51E-4E27-9991-E5BAE1BF3D29}.Release|Any CPU.Build.0 = Release|Any CPU
	EndGlobalSection
	GlobalSection(SolutionProperties) = preSolution
		HideSolutionNode = FALSE
	EndGlobalSection
	GlobalSection(NestedProjects) = preSolution
		{481A18F6-B715-43EA-9065-99FF08FEFFAD} = {A34CC909-E1DD-4F26-BE14-3CD19D330211}
		{37D4349A-0663-4B39-9A16-4D13800CDF1A} = {A34CC909-E1DD-4F26-BE14-3CD19D330211}
		{E1DD9AF8-D6A5-4422-8035-3C75EE0B9109} = {A34CC909-E1DD-4F26-BE14-3CD19D330211}
		{D892B29A-BC13-4A5A-BED2-270EC8A456D3} = {A34CC909-E1DD-4F26-BE14-3CD19D330211}
		{E73FF599-0B5C-4F03-B93B-FDC798050051} = {37D4349A-0663-4B39-9A16-4D13800CDF1A}
		{4C17CF25-13AF-4665-B6BB-79BFE9580DBE} = {37D4349A-0663-4B39-9A16-4D13800CDF1A}
		{57E040B6-A944-4769-AF6F-7FD18B6DE855} = {D892B29A-BC13-4A5A-BED2-270EC8A456D3}
		{A8B8462A-4B4D-4490-9061-55D77E73B47C} = {D892B29A-BC13-4A5A-BED2-270EC8A456D3}
		{374C874B-C51E-4E27-9991-E5BAE1BF3D29} = {481A18F6-B715-43EA-9065-99FF08FEFFAD}
	EndGlobalSection
	GlobalSection(ExtensibilityGlobals) = postSolution
		SolutionGuid = {64F31A8E-7A89-4891-93C1-19DF78BE5307}
	EndGlobalSection
EndGlobal
