
Microsoft Visual Studio Solution File, Format Version 12.00
# Visual Studio Version 17
VisualStudioVersion = 17.7.34024.191
MinimumVisualStudioVersion = 10.0.40219.1
Project("{9A19103F-16F7-4668-BE54-9A1E7A4F7556}") = "CRUD", "CRUD\CRUD.csproj", "{F5C26835-6415-446A-A6A3-0C5C6BAB4349}"
EndProject
Project("{9A19103F-16F7-4668-BE54-9A1E7A4F7556}") = "TestsX", "TestsX\TestsX.csproj", "{9997B1BF-DC52-4A27-A02C-5A2C9936F7B5}"
EndProject
Project("{9A19103F-16F7-4668-BE54-9A1E7A4F7556}") = "Entities", "Entities\Entities.csproj", "{8A9AED80-9DBE-4865-9C7A-1EAC071C6B9B}"
EndProject
Project("{9A19103F-16F7-4668-BE54-9A1E7A4F7556}") = "ServiceContracts", "ServiceContracts\ServiceContracts.csproj", "{CE0C683E-5E4A-4EA8-82F9-16136C372CA4}"
EndProject
Project("{9A19103F-16F7-4668-BE54-9A1E7A4F7556}") = "Services", "Services\Services.csproj", "{63691994-49F1-4DA4-8B6B-C990B0829F28}"
EndProject
Project("{FAE04EC0-301F-11D3-BF4B-00C04F79EFBC}") = "RepositoryContracts", "RepositoryContracts\RepositoryContracts.csproj", "{835ECF85-287E-42A0-80DA-DB00A0D12E1F}"
EndProject
Project("{FAE04EC0-301F-11D3-BF4B-00C04F79EFBC}") = "Repositories", "Repositories\Repositories.csproj", "{B4BA31DF-7891-4C48-AA8E-55D71FC426EC}"
EndProject
Global
	GlobalSection(SolutionConfigurationPlatforms) = preSolution
		Debug|Any CPU = Debug|Any CPU
		Release|Any CPU = Release|Any CPU
	EndGlobalSection
	GlobalSection(ProjectConfigurationPlatforms) = postSolution
		{F5C26835-6415-446A-A6A3-0C5C6BAB4349}.Debug|Any CPU.ActiveCfg = Debug|Any CPU
		{F5C26835-6415-446A-A6A3-0C5C6BAB4349}.Debug|Any CPU.Build.0 = Debug|Any CPU
		{F5C26835-6415-446A-A6A3-0C5C6BAB4349}.Release|Any CPU.ActiveCfg = Release|Any CPU
		{F5C26835-6415-446A-A6A3-0C5C6BAB4349}.Release|Any CPU.Build.0 = Release|Any CPU
		{9997B1BF-DC52-4A27-A02C-5A2C9936F7B5}.Debug|Any CPU.ActiveCfg = Debug|Any CPU
		{9997B1BF-DC52-4A27-A02C-5A2C9936F7B5}.Debug|Any CPU.Build.0 = Debug|Any CPU
		{9997B1BF-DC52-4A27-A02C-5A2C9936F7B5}.Release|Any CPU.ActiveCfg = Release|Any CPU
		{9997B1BF-DC52-4A27-A02C-5A2C9936F7B5}.Release|Any CPU.Build.0 = Release|Any CPU
		{8A9AED80-9DBE-4865-9C7A-1EAC071C6B9B}.Debug|Any CPU.ActiveCfg = Debug|Any CPU
		{8A9AED80-9DBE-4865-9C7A-1EAC071C6B9B}.Debug|Any CPU.Build.0 = Debug|Any CPU
		{8A9AED80-9DBE-4865-9C7A-1EAC071C6B9B}.Release|Any CPU.ActiveCfg = Release|Any CPU
		{8A9AED80-9DBE-4865-9C7A-1EAC071C6B9B}.Release|Any CPU.Build.0 = Release|Any CPU
		{CE0C683E-5E4A-4EA8-82F9-16136C372CA4}.Debug|Any CPU.ActiveCfg = Debug|Any CPU
		{CE0C683E-5E4A-4EA8-82F9-16136C372CA4}.Debug|Any CPU.Build.0 = Debug|Any CPU
		{CE0C683E-5E4A-4EA8-82F9-16136C372CA4}.Release|Any CPU.ActiveCfg = Release|Any CPU
		{CE0C683E-5E4A-4EA8-82F9-16136C372CA4}.Release|Any CPU.Build.0 = Release|Any CPU
		{63691994-49F1-4DA4-8B6B-C990B0829F28}.Debug|Any CPU.ActiveCfg = Debug|Any CPU
		{63691994-49F1-4DA4-8B6B-C990B0829F28}.Debug|Any CPU.Build.0 = Debug|Any CPU
		{63691994-49F1-4DA4-8B6B-C990B0829F28}.Release|Any CPU.ActiveCfg = Release|Any CPU
		{63691994-49F1-4DA4-8B6B-C990B0829F28}.Release|Any CPU.Build.0 = Release|Any CPU
		{835ECF85-287E-42A0-80DA-DB00A0D12E1F}.Debug|Any CPU.ActiveCfg = Debug|Any CPU
		{835ECF85-287E-42A0-80DA-DB00A0D12E1F}.Debug|Any CPU.Build.0 = Debug|Any CPU
		{835ECF85-287E-42A0-80DA-DB00A0D12E1F}.Release|Any CPU.ActiveCfg = Release|Any CPU
		{835ECF85-287E-42A0-80DA-DB00A0D12E1F}.Release|Any CPU.Build.0 = Release|Any CPU
		{B4BA31DF-7891-4C48-AA8E-55D71FC426EC}.Debug|Any CPU.ActiveCfg = Debug|Any CPU
		{B4BA31DF-7891-4C48-AA8E-55D71FC426EC}.Debug|Any CPU.Build.0 = Debug|Any CPU
		{B4BA31DF-7891-4C48-AA8E-55D71FC426EC}.Release|Any CPU.ActiveCfg = Release|Any CPU
		{B4BA31DF-7891-4C48-AA8E-55D71FC426EC}.Release|Any CPU.Build.0 = Release|Any CPU
	EndGlobalSection
	GlobalSection(SolutionProperties) = preSolution
		HideSolutionNode = FALSE
	EndGlobalSection
	GlobalSection(ExtensibilityGlobals) = postSolution
		SolutionGuid = {0E9F5190-5757-4ABF-A5BA-288870D5F237}
	EndGlobalSection
EndGlobal
