
Microsoft Visual Studio Solution File, Format Version 12.00
# Visual Studio Version 17
VisualStudioVersion = 17.7.34024.191
MinimumVisualStudioVersion = 10.0.40219.1
Project("{FAE04EC0-301F-11D3-BF4B-00C04F79EFBC}") = "08.PartialViews", "08.PartialViews\08.PartialViews.csproj", "{11F25600-293B-4F11-9B3E-849F135DA11C}"
EndProject
Global
	GlobalSection(SolutionConfigurationPlatforms) = preSolution
		Debug|Any CPU = Debug|Any CPU
		Release|Any CPU = Release|Any CPU
	EndGlobalSection
	GlobalSection(ProjectConfigurationPlatforms) = postSolution
		{11F25600-293B-4F11-9B3E-849F135DA11C}.Debug|Any CPU.ActiveCfg = Debug|Any CPU
		{11F25600-293B-4F11-9B3E-849F135DA11C}.Debug|Any CPU.Build.0 = Debug|Any CPU
		{11F25600-293B-4F11-9B3E-849F135DA11C}.Release|Any CPU.ActiveCfg = Release|Any CPU
		{11F25600-293B-4F11-9B3E-849F135DA11C}.Release|Any CPU.Build.0 = Release|Any CPU
	EndGlobalSection
	GlobalSection(SolutionProperties) = preSolution
		HideSolutionNode = FALSE
	EndGlobalSection
	GlobalSection(ExtensibilityGlobals) = postSolution
		SolutionGuid = {1E922B05-6661-46BD-B616-B7341DDC1529}
	EndGlobalSection
EndGlobal
