
Microsoft Visual Studio Solution File, Format Version 12.00
# Visual Studio Version 17
VisualStudioVersion = 17.7.34024.191
MinimumVisualStudioVersion = 10.0.40219.1
Project("{FAE04EC0-301F-11D3-BF4B-00C04F79EFBC}") = "StocksApp_EntityFramework", "StocksApp_EntityFramework\StocksApp_EntityFramework.csproj", "{A5A0E644-4880-4DDB-8DDA-4BA753F0B1D2}"
EndProject
Project("{FAE04EC0-301F-11D3-BF4B-00C04F79EFBC}") = "Entities", "Entities\Entities.csproj", "{C24E770F-77FD-47C7-85FD-243FD4BB98A1}"
EndProject
Project("{FAE04EC0-301F-11D3-BF4B-00C04F79EFBC}") = "ServiceContracts", "ServiceContracts\ServiceContracts.csproj", "{9770F3D3-99A1-427E-93D2-A7534824DBCF}"
EndProject
Project("{FAE04EC0-301F-11D3-BF4B-00C04F79EFBC}") = "Services", "Services\Services.csproj", "{13734168-36B4-4BA2-AAA6-1F1FF4450992}"
EndProject
Global
	GlobalSection(SolutionConfigurationPlatforms) = preSolution
		Debug|Any CPU = Debug|Any CPU
		Release|Any CPU = Release|Any CPU
	EndGlobalSection
	GlobalSection(ProjectConfigurationPlatforms) = postSolution
		{A5A0E644-4880-4DDB-8DDA-4BA753F0B1D2}.Debug|Any CPU.ActiveCfg = Debug|Any CPU
		{A5A0E644-4880-4DDB-8DDA-4BA753F0B1D2}.Debug|Any CPU.Build.0 = Debug|Any CPU
		{A5A0E644-4880-4DDB-8DDA-4BA753F0B1D2}.Release|Any CPU.ActiveCfg = Release|Any CPU
		{A5A0E644-4880-4DDB-8DDA-4BA753F0B1D2}.Release|Any CPU.Build.0 = Release|Any CPU
		{C24E770F-77FD-47C7-85FD-243FD4BB98A1}.Debug|Any CPU.ActiveCfg = Debug|Any CPU
		{C24E770F-77FD-47C7-85FD-243FD4BB98A1}.Debug|Any CPU.Build.0 = Debug|Any CPU
		{C24E770F-77FD-47C7-85FD-243FD4BB98A1}.Release|Any CPU.ActiveCfg = Release|Any CPU
		{C24E770F-77FD-47C7-85FD-243FD4BB98A1}.Release|Any CPU.Build.0 = Release|Any CPU
		{9770F3D3-99A1-427E-93D2-A7534824DBCF}.Debug|Any CPU.ActiveCfg = Debug|Any CPU
		{9770F3D3-99A1-427E-93D2-A7534824DBCF}.Debug|Any CPU.Build.0 = Debug|Any CPU
		{9770F3D3-99A1-427E-93D2-A7534824DBCF}.Release|Any CPU.ActiveCfg = Release|Any CPU
		{9770F3D3-99A1-427E-93D2-A7534824DBCF}.Release|Any CPU.Build.0 = Release|Any CPU
		{13734168-36B4-4BA2-AAA6-1F1FF4450992}.Debug|Any CPU.ActiveCfg = Debug|Any CPU
		{13734168-36B4-4BA2-AAA6-1F1FF4450992}.Debug|Any CPU.Build.0 = Debug|Any CPU
		{13734168-36B4-4BA2-AAA6-1F1FF4450992}.Release|Any CPU.ActiveCfg = Release|Any CPU
		{13734168-36B4-4BA2-AAA6-1F1FF4450992}.Release|Any CPU.Build.0 = Release|Any CPU
	EndGlobalSection
	GlobalSection(SolutionProperties) = preSolution
		HideSolutionNode = FALSE
	EndGlobalSection
	GlobalSection(ExtensibilityGlobals) = postSolution
		SolutionGuid = {3CD1D2FC-E665-4121-A3BF-43FA698E328B}
	EndGlobalSection
EndGlobal
