
Microsoft Visual Studio Solution File, Format Version 12.00
# Visual Studio Version 17
VisualStudioVersion = 17.7.34024.191
MinimumVisualStudioVersion = 10.0.40219.1
Project("{FAE04EC0-301F-11D3-BF4B-00C04F79EFBC}") = "IntoToRouting", "IntoToRouting\IntoToRouting.csproj", "{ED7218D4-A14B-4F27-81A4-9510759C7F70}"
EndProject
Global
	GlobalSection(SolutionConfigurationPlatforms) = preSolution
		Debug|Any CPU = Debug|Any CPU
		Release|Any CPU = Release|Any CPU
	EndGlobalSection
	GlobalSection(ProjectConfigurationPlatforms) = postSolution
		{ED7218D4-A14B-4F27-81A4-9510759C7F70}.Debug|Any CPU.ActiveCfg = Debug|Any CPU
		{ED7218D4-A14B-4F27-81A4-9510759C7F70}.Debug|Any CPU.Build.0 = Debug|Any CPU
		{ED7218D4-A14B-4F27-81A4-9510759C7F70}.Release|Any CPU.ActiveCfg = Release|Any CPU
		{ED7218D4-A14B-4F27-81A4-9510759C7F70}.Release|Any CPU.Build.0 = Release|Any CPU
	EndGlobalSection
	GlobalSection(SolutionProperties) = preSolution
		HideSolutionNode = FALSE
	EndGlobalSection
	GlobalSection(ExtensibilityGlobals) = postSolution
		SolutionGuid = {23054FC6-622C-4258-A1F2-4AAE1AA27F77}
	EndGlobalSection
EndGlobal
