
Microsoft Visual Studio Solution File, Format Version 12.00
# Visual Studio Version 17
VisualStudioVersion = 17.7.34024.191
MinimumVisualStudioVersion = 10.0.40219.1
Project("{FAE04EC0-301F-11D3-BF4B-00C04F79EFBC}") = "Orders.WebAPI", "Orders.WebAPI\Orders.WebAPI.csproj", "{906BEA4B-5C0B-4447-BF12-9D8E51AF37DE}"
EndProject
Global
	GlobalSection(SolutionConfigurationPlatforms) = preSolution
		Debug|Any CPU = Debug|Any CPU
		Release|Any CPU = Release|Any CPU
	EndGlobalSection
	GlobalSection(ProjectConfigurationPlatforms) = postSolution
		{906BEA4B-5C0B-4447-BF12-9D8E51AF37DE}.Debug|Any CPU.ActiveCfg = Debug|Any CPU
		{906BEA4B-5C0B-4447-BF12-9D8E51AF37DE}.Debug|Any CPU.Build.0 = Debug|Any CPU
		{906BEA4B-5C0B-4447-BF12-9D8E51AF37DE}.Release|Any CPU.ActiveCfg = Release|Any CPU
		{906BEA4B-5C0B-4447-BF12-9D8E51AF37DE}.Release|Any CPU.Build.0 = Release|Any CPU
	EndGlobalSection
	GlobalSection(SolutionProperties) = preSolution
		HideSolutionNode = FALSE
	EndGlobalSection
	GlobalSection(ExtensibilityGlobals) = postSolution
		SolutionGuid = {0F0821EF-6B43-4AC6-B965-5AAEE9DB2BC7}
	EndGlobalSection
EndGlobal
