
Microsoft Visual Studio Solution File, Format Version 12.00
# Visual Studio Version 17
VisualStudioVersion = 17.7.34024.191
MinimumVisualStudioVersion = 10.0.40219.1
Project("{FAE04EC0-301F-11D3-BF4B-00C04F79EFBC}") = "09.ViewComponents", "09.ViewComponents\09.ViewComponents.csproj", "{3EDC08FB-9D76-4EFF-8EDC-972BB02E10DC}"
EndProject
Global
	GlobalSection(SolutionConfigurationPlatforms) = preSolution
		Debug|Any CPU = Debug|Any CPU
		Release|Any CPU = Release|Any CPU
	EndGlobalSection
	GlobalSection(ProjectConfigurationPlatforms) = postSolution
		{3EDC08FB-9D76-4EFF-8EDC-972BB02E10DC}.Debug|Any CPU.ActiveCfg = Debug|Any CPU
		{3EDC08FB-9D76-4EFF-8EDC-972BB02E10DC}.Debug|Any CPU.Build.0 = Debug|Any CPU
		{3EDC08FB-9D76-4EFF-8EDC-972BB02E10DC}.Release|Any CPU.ActiveCfg = Release|Any CPU
		{3EDC08FB-9D76-4EFF-8EDC-972BB02E10DC}.Release|Any CPU.Build.0 = Release|Any CPU
	EndGlobalSection
	GlobalSection(SolutionProperties) = preSolution
		HideSolutionNode = FALSE
	EndGlobalSection
	GlobalSection(ExtensibilityGlobals) = postSolution
		SolutionGuid = {CB4FC5A8-E9F1-4BDA-AF85-DF1FEF2EBCD9}
	EndGlobalSection
EndGlobal
